
Microsoft Visual Studio Solution File, Format Version 12.00
# Visual Studio 15
VisualStudioVersion = 15.0.27130.2027
MinimumVisualStudioVersion = 10.0.40219.1
Project("{FAE04EC0-301F-11D3-BF4B-00C04F79EFBC}") = "CommonProblems", "CommonProblems\CommonProblems.csproj", "{8ED4326C-B60A-47CD-B9D0-FEDA01B87FEB}"
EndProject
Project("{FAE04EC0-301F-11D3-BF4B-00C04F79EFBC}") = "CommonProblems.UnitTests", "CommonProblems.UnitTests\CommonProblems.UnitTests.csproj", "{D3D639A6-D263-4764-AAC5-3CEA07403B23}"
EndProject
Global
	GlobalSection(SolutionConfigurationPlatforms) = preSolution
		Debug|Any CPU = Debug|Any CPU
		Release|Any CPU = Release|Any CPU
	EndGlobalSection
	GlobalSection(ProjectConfigurationPlatforms) = postSolution
		{8ED4326C-B60A-47CD-B9D0-FEDA01B87FEB}.Debug|Any CPU.ActiveCfg = Debug|Any CPU
		{8ED4326C-B60A-47CD-B9D0-FEDA01B87FEB}.Debug|Any CPU.Build.0 = Debug|Any CPU
		{8ED4326C-B60A-47CD-B9D0-FEDA01B87FEB}.Release|Any CPU.ActiveCfg = Release|Any CPU
		{8ED4326C-B60A-47CD-B9D0-FEDA01B87FEB}.Release|Any CPU.Build.0 = Release|Any CPU
		{D3D639A6-D263-4764-AAC5-3CEA07403B23}.Debug|Any CPU.ActiveCfg = Debug|Any CPU
		{D3D639A6-D263-4764-AAC5-3CEA07403B23}.Debug|Any CPU.Build.0 = Debug|Any CPU
		{D3D639A6-D263-4764-AAC5-3CEA07403B23}.Release|Any CPU.ActiveCfg = Release|Any CPU
		{D3D639A6-D263-4764-AAC5-3CEA07403B23}.Release|Any CPU.Build.0 = Release|Any CPU
	EndGlobalSection
	GlobalSection(SolutionProperties) = preSolution
		HideSolutionNode = FALSE
	EndGlobalSection
	GlobalSection(ExtensibilityGlobals) = postSolution
		SolutionGuid = {121475FE-E7C1-430A-8FE0-AB8E265A11F1}
	EndGlobalSection
EndGlobal
