
Microsoft Visual Studio Solution File, Format Version 12.00
# Visual Studio 15
VisualStudioVersion = 15.0.27130.2027
MinimumVisualStudioVersion = 10.0.40219.1
Project("{FAE04EC0-301F-11D3-BF4B-00C04F79EFBC}") = "ProblemOne", "ProblemOne\ProblemOne.csproj", "{2AF5862D-213A-4412-8894-70142AEB0C32}"
EndProject
Project("{FAE04EC0-301F-11D3-BF4B-00C04F79EFBC}") = "ProblemOne.UnitTests", "ProblemOne.UnitTests\ProblemOne.UnitTests.csproj", "{23336ABB-5678-43A6-BDE9-334D17668176}"
EndProject
Global
	GlobalSection(SolutionConfigurationPlatforms) = preSolution
		Debug|Any CPU = Debug|Any CPU
		Release|Any CPU = Release|Any CPU
	EndGlobalSection
	GlobalSection(ProjectConfigurationPlatforms) = postSolution
		{2AF5862D-213A-4412-8894-70142AEB0C32}.Debug|Any CPU.ActiveCfg = Debug|Any CPU
		{2AF5862D-213A-4412-8894-70142AEB0C32}.Debug|Any CPU.Build.0 = Debug|Any CPU
		{2AF5862D-213A-4412-8894-70142AEB0C32}.Release|Any CPU.ActiveCfg = Release|Any CPU
		{2AF5862D-213A-4412-8894-70142AEB0C32}.Release|Any CPU.Build.0 = Release|Any CPU
		{23336ABB-5678-43A6-BDE9-334D17668176}.Debug|Any CPU.ActiveCfg = Debug|Any CPU
		{23336ABB-5678-43A6-BDE9-334D17668176}.Debug|Any CPU.Build.0 = Debug|Any CPU
		{23336ABB-5678-43A6-BDE9-334D17668176}.Release|Any CPU.ActiveCfg = Release|Any CPU
		{23336ABB-5678-43A6-BDE9-334D17668176}.Release|Any CPU.Build.0 = Release|Any CPU
	EndGlobalSection
	GlobalSection(SolutionProperties) = preSolution
		HideSolutionNode = FALSE
	EndGlobalSection
	GlobalSection(ExtensibilityGlobals) = postSolution
		SolutionGuid = {121475FE-E7C1-430A-8FE0-AB8E265A11F1}
	EndGlobalSection
EndGlobal
